{
  "name": "solace",
  "version": "1.0.0",
  "lockfileVersion": 1,
  "requires": true,
  "dependencies": {
    "solclientjs": {
      "version": "10.3.1",
      "resolved": "https://registry.npmjs.org/solclientjs/-/solclientjs-10.3.1.tgz",
      "integrity": "sha512-UE3bhBmdmNdPVZMPhWEQFzXJWwyQLbMaoqs+8Vih1HUU7HhZOlrmjbeew6lkBlgOn+7DVC8ln2eP25drniMnaw==",
      "requires": {
        "clone": "*",
        "core-js": "*",
        "long": "*",
        "options": "*",
        "ultron": "*",
        "ws": "*"
      },
      "dependencies": {
        "clone": {
          "version": "2.1.1",
          "bundled": true
        },
        "core-js": {
          "version": "2.5.1",
          "bundled": true
        },
        "long": {
          "version": "3.2.0",
          "bundled": true
        },
        "options": {
          "version": "0.0.6",
          "bundled": true
        },
        "ultron": {
          "version": "1.0.2",
          "bundled": true
        },
        "ws": {
          "version": "1.1.1-Solace",
          "bundled": true,
          "requires": {
            "options": ">=0.0.5",
            "ultron": "1.0.x"
          }
        }
      }
    }
  }
}
